// !$*UTF8*$!
{
	archiveVersion = 1;
	classes = {
	};
	objectVersion = 77;
	objects = {

/* Begin PBXBuildFile section */
		0074A0583CC619BFE021BC30 /* AppLocalization.swift in Sources */ = {isa = PBXBuildFile; fileRef = D09023CE4770D8A587EED62D /* AppLocalization.swift */; };
		03B843845374DE10660A0B81 /* AboutSettingsView.swift in Sources */ = {isa = PBXBuildFile; fileRef = 0CAB3B2B765425A4A1C3A3E5 /* AboutSettingsView.swift */; };
		0457E6F891249C274FE362C9 /* KeyboardSettingsView.swift in Sources */ = {isa = PBXBuildFile; fileRef = E296D3315C8BBC82DB606071 /* KeyboardSettingsView.swift */; };
		04F335DCCDCB7A2BFCAF951D /* KeyboardMapping.swift in Sources */ = {isa = PBXBuildFile; fileRef = 00179669B62ADD895C6DC0A6 /* KeyboardMapping.swift */; };
		04F99796FD66C11FF5254626 /* Localizable.strings in Resources */ = {isa = PBXBuildFile; fileRef = A7FE29B0015E2DB6D3EE66F7 /* Localizable.strings */; };
		18D691EBC0A39DFC03B73641 /* CreationRequest.swift in Sources */ = {isa = PBXBuildFile; fileRef = 49CC110AAA3FE00AC841A2A6 /* CreationRequest.swift */; };
		1E6549AFC0F128DFF9515526 /* libMacEaseCore.a in Frameworks */ = {isa = PBXBuildFile; fileRef = 31F20D98548D07D0188BF9CB /* libMacEaseCore.a */; };
		2F70238D926DB5DE8DA7DA98 /* TargetDirectoryResolver.swift in Sources */ = {isa = PBXBuildFile; fileRef = 45305D9D11FFDE7781D71454 /* TargetDirectoryResolver.swift */; };
		33C9E7B0D5F3FB5B61FD0DB1 /* FinderSync.swift in Sources */ = {isa = PBXBuildFile; fileRef = 7507A4F45FB6AE30D9063AF5 /* FinderSync.swift */; };
		3585F67B480EA7DAB19B8D54 /* FileCreationService.swift in Sources */ = {isa = PBXBuildFile; fileRef = EBEED9FBEA6B942059F8A614 /* FileCreationService.swift */; };
		4402FDCA2DFE900390CE7323 /* DockShortcut.swift in Sources */ = {isa = PBXBuildFile; fileRef = 37374AF6551C2579F8D7D87D /* DockShortcut.swift */; };
		464E48D99ECB61444622A3B4 /* InfoPlist.strings in Resources */ = {isa = PBXBuildFile; fileRef = E270094C3FDB28FDF3FC3C77 /* InfoPlist.strings */; };
		4951141C4A2010E1F4CFFA4B /* libMacEaseCore.a in Frameworks */ = {isa = PBXBuildFile; fileRef = 31F20D98548D07D0188BF9CB /* libMacEaseCore.a */; };
		4E61443003A121CA6DF5FAFE /* KeyboardMappingController.swift in Sources */ = {isa = PBXBuildFile; fileRef = E5E7C899F7555E8E0E0C5AC0 /* KeyboardMappingController.swift */; };
		55DBDC6A34CDFDE7332C2159 /* MenuBarContentView.swift in Sources */ = {isa = PBXBuildFile; fileRef = 41229F5ED79BECEA2D2CF0CA /* MenuBarContentView.swift */; };
		7098C6D54CA6ACC54B1F1558 /* DockShortcutController.swift in Sources */ = {isa = PBXBuildFile; fileRef = C2629CB137D4DDFF24712AF2 /* DockShortcutController.swift */; };
		72D7ED892860506FC6A5A372 /* ScrollSettingsView.swift in Sources */ = {isa = PBXBuildFile; fileRef = 8D8379E33A9F7F7038AD5DB5 /* ScrollSettingsView.swift */; };
		7D9F33F0A1E78187DCBDB56E /* ContentView.swift in Sources */ = {isa = PBXBuildFile; fileRef = C4EB5AA0C0BB52F4093D05E5 /* ContentView.swift */; };
		84114D7BB2413859C3C81594 /* ScrollDirectionController.swift in Sources */ = {isa = PBXBuildFile; fileRef = F943D0B6AAE5E2957CE436D2 /* ScrollDirectionController.swift */; };
		85370585F0952CC50B6A341A /* CreationKind.swift in Sources */ = {isa = PBXBuildFile; fileRef = 800DD3241F7CC1E1DC09A5DD /* CreationKind.swift */; };
		96543ACB2904A1D056EFAF60 /* Localizable.strings in Resources */ = {isa = PBXBuildFile; fileRef = DD8CA6C32C4B776B1603AA94 /* Localizable.strings */; };
		99CB57C8BA7FC7733EEE1E89 /* FileCreationError.swift in Sources */ = {isa = PBXBuildFile; fileRef = 30098D2E6A9D3CAF0D17C21E /* FileCreationError.swift */; };
		9FDC025A25294A5A690F8648 /* FinderSettingsView.swift in Sources */ = {isa = PBXBuildFile; fileRef = BD9B8E2D09C337C1FAD0C49D /* FinderSettingsView.swift */; };
		AFE52B179CD10C3FE6EA8D56 /* ScrollDirection.swift in Sources */ = {isa = PBXBuildFile; fileRef = 73D3B42C3E90F48705E2E92A /* ScrollDirection.swift */; };
		B6E9C0C6FE2DA19A4A18C65C /* SettingsComponents.swift in Sources */ = {isa = PBXBuildFile; fileRef = 5061A82490F41A6B5F94FEDE /* SettingsComponents.swift */; };
		B7A1ED3CB4CCF12A6948FCA0 /* AppIcon.icns in Resources */ = {isa = PBXBuildFile; fileRef = 300B359D40E8D806AEC05048 /* AppIcon.icns */; };
		C1AFF8EB32F2AD2619D8B2C5 /* MacEaseApp.swift in Sources */ = {isa = PBXBuildFile; fileRef = 81F37561FBBA9AD2CF2BF023 /* MacEaseApp.swift */; };
		C371C2F6FE145C849895EB99 /* MenuBarIconTemplate.png in Resources */ = {isa = PBXBuildFile; fileRef = E51BA4C85E3EF0FA96E384AB /* MenuBarIconTemplate.png */; };
		D67C017D217E1F5392091E0B /* DockSettingsView.swift in Sources */ = {isa = PBXBuildFile; fileRef = 61D7598841C6B6A7373F85F2 /* DockSettingsView.swift */; };
		DB02E877D08D8B43B4E1647F /* Assets.xcassets in Resources */ = {isa = PBXBuildFile; fileRef = 1BED8B21D542564E8BFA19BE /* Assets.xcassets */; };
		E8BD5687E9D20C0410FF7F79 /* CreationRequestHandler.swift in Sources */ = {isa = PBXBuildFile; fileRef = F7F62DF0C30E806FA34F310B /* CreationRequestHandler.swift */; };
		EC1043BEFAD39400283E20B8 /* PermissionsSettingsView.swift in Sources */ = {isa = PBXBuildFile; fileRef = 29639844867C257893E91A07 /* PermissionsSettingsView.swift */; };
		EEDA62257FCD2AEA90D4610A /* FinderRenameController.swift in Sources */ = {isa = PBXBuildFile; fileRef = C379CB75E1A3FF48ED3610E6 /* FinderRenameController.swift */; };
		F33D70629AEF387F31A062BB /* InfoPlist.strings in Resources */ = {isa = PBXBuildFile; fileRef = 9FAFDCCA60E24BE3BD5DE72C /* InfoPlist.strings */; };
		FD26B7FC8761A6BF4614C2BE /* KeyboardEventMapper.swift in Sources */ = {isa = PBXBuildFile; fileRef = 9378BC120653FA9BC48EBF7D /* KeyboardEventMapper.swift */; };
		FF3F7840ECC4DE7601C005A5 /* MacEaseFinderExtension.appex in Embed Foundation Extensions */ = {isa = PBXBuildFile; fileRef = 69841E8DAA9A980CA798D974 /* MacEaseFinderExtension.appex */; settings = {ATTRIBUTES = (RemoveHeadersOnCopy, ); }; };
/* End PBXBuildFile section */

/* Begin PBXContainerItemProxy section */
		3655DCA209330470BB961BEA /* PBXContainerItemProxy */ = {
			isa = PBXContainerItemProxy;
			containerPortal = 84A4C9E3AE7F1388091EEB83 /* Project object */;
			proxyType = 1;
			remoteGlobalIDString = 8612F1EAFC9617644FDC5A8B;
			remoteInfo = MacEaseFinderExtension;
		};
		703D55090B22C46A60B587EE /* PBXContainerItemProxy */ = {
			isa = PBXContainerItemProxy;
			containerPortal = 84A4C9E3AE7F1388091EEB83 /* Project object */;
			proxyType = 1;
			remoteGlobalIDString = 49A0D92F3FF4E826B234CD39;
			remoteInfo = MacEaseCore;
		};
		F7551C8D851FA170451C8217 /* PBXContainerItemProxy */ = {
			isa = PBXContainerItemProxy;
			containerPortal = 84A4C9E3AE7F1388091EEB83 /* Project object */;
			proxyType = 1;
			remoteGlobalIDString = 49A0D92F3FF4E826B234CD39;
			remoteInfo = MacEaseCore;
		};
/* End PBXContainerItemProxy section */

/* Begin PBXCopyFilesBuildPhase section */
		7F0DB05C5601A65D5DD86520 /* Embed Foundation Extensions */ = {
			isa = PBXCopyFilesBuildPhase;
			buildActionMask = 2147483647;
			dstPath = "";
			dstSubfolderSpec = 13;
			files = (
				FF3F7840ECC4DE7601C005A5 /* MacEaseFinderExtension.appex in Embed Foundation Extensions */,
			);
			name = "Embed Foundation Extensions";
			runOnlyForDeploymentPostprocessing = 0;
		};
/* End PBXCopyFilesBuildPhase section */

/* Begin PBXFileReference section */
		00179669B62ADD895C6DC0A6 /* KeyboardMapping.swift */ = {isa = PBXFileReference; lastKnownFileType = sourcecode.swift; path = KeyboardMapping.swift; sourceTree = "<group>"; };
		0C3F5FC90C1054678A9BC0F3 /* zh-Hans */ = {isa = PBXFileReference; lastKnownFileType = text.plist.strings; name = "zh-Hans"; path = "zh-Hans.lproj/InfoPlist.strings"; sourceTree = "<group>"; };
		0CAB3B2B765425A4A1C3A3E5 /* AboutSettingsView.swift */ = {isa = PBXFileReference; lastKnownFileType = sourcecode.swift; path = AboutSettingsView.swift; sourceTree = "<group>"; };
		1BED8B21D542564E8BFA19BE /* Assets.xcassets */ = {isa = PBXFileReference; lastKnownFileType = folder.assetcatalog; path = Assets.xcassets; sourceTree = "<group>"; };
		2018A2D7ECEF8ACCB79F4E84 /* zh-Hans */ = {isa = PBXFileReference; lastKnownFileType = text.plist.strings; name = "zh-Hans"; path = "zh-Hans.lproj/InfoPlist.strings"; sourceTree = "<group>"; };
		29639844867C257893E91A07 /* PermissionsSettingsView.swift */ = {isa = PBXFileReference; lastKnownFileType = sourcecode.swift; path = PermissionsSettingsView.swift; sourceTree = "<group>"; };
		30098D2E6A9D3CAF0D17C21E /* FileCreationError.swift */ = {isa = PBXFileReference; lastKnownFileType = sourcecode.swift; path = FileCreationError.swift; sourceTree = "<group>"; };
		300B359D40E8D806AEC05048 /* AppIcon.icns */ = {isa = PBXFileReference; lastKnownFileType = image.icns; path = AppIcon.icns; sourceTree = "<group>"; };
		31F20D98548D07D0188BF9CB /* libMacEaseCore.a */ = {isa = PBXFileReference; explicitFileType = archive.ar; includeInIndex = 0; path = libMacEaseCore.a; sourceTree = BUILT_PRODUCTS_DIR; };
		37374AF6551C2579F8D7D87D /* DockShortcut.swift */ = {isa = PBXFileReference; lastKnownFileType = sourcecode.swift; path = DockShortcut.swift; sourceTree = "<group>"; };
		41229F5ED79BECEA2D2CF0CA /* MenuBarContentView.swift */ = {isa = PBXFileReference; lastKnownFileType = sourcecode.swift; path = MenuBarContentView.swift; sourceTree = "<group>"; };
		45305D9D11FFDE7781D71454 /* TargetDirectoryResolver.swift */ = {isa = PBXFileReference; lastKnownFileType = sourcecode.swift; path = TargetDirectoryResolver.swift; sourceTree = "<group>"; };
		491C5E56AB5E479A46928967 /* en */ = {isa = PBXFileReference; lastKnownFileType = text.plist.strings; name = en; path = en.lproj/Localizable.strings; sourceTree = "<group>"; };
		49CC110AAA3FE00AC841A2A6 /* CreationRequest.swift */ = {isa = PBXFileReference; lastKnownFileType = sourcecode.swift; path = CreationRequest.swift; sourceTree = "<group>"; };
		4B20D8CDA603BA8BF57F2F03 /* zh-Hans */ = {isa = PBXFileReference; lastKnownFileType = text.plist.strings; name = "zh-Hans"; path = "zh-Hans.lproj/Localizable.strings"; sourceTree = "<group>"; };
		4D7588A8070CD80832F5595E /* en */ = {isa = PBXFileReference; lastKnownFileType = text.plist.strings; name = en; path = en.lproj/InfoPlist.strings; sourceTree = "<group>"; };
		5061A82490F41A6B5F94FEDE /* SettingsComponents.swift */ = {isa = PBXFileReference; lastKnownFileType = sourcecode.swift; path = SettingsComponents.swift; sourceTree = "<group>"; };
		61D7598841C6B6A7373F85F2 /* DockSettingsView.swift */ = {isa = PBXFileReference; lastKnownFileType = sourcecode.swift; path = DockSettingsView.swift; sourceTree = "<group>"; };
		69841E8DAA9A980CA798D974 /* MacEaseFinderExtension.appex */ = {isa = PBXFileReference; explicitFileType = "wrapper.app-extension"; includeInIndex = 0; path = MacEaseFinderExtension.appex; sourceTree = BUILT_PRODUCTS_DIR; };
		73D3B42C3E90F48705E2E92A /* ScrollDirection.swift */ = {isa = PBXFileReference; lastKnownFileType = sourcecode.swift; path = ScrollDirection.swift; sourceTree = "<group>"; };
		7507A4F45FB6AE30D9063AF5 /* FinderSync.swift */ = {isa = PBXFileReference; lastKnownFileType = sourcecode.swift; path = FinderSync.swift; sourceTree = "<group>"; };
		800DD3241F7CC1E1DC09A5DD /* CreationKind.swift */ = {isa = PBXFileReference; lastKnownFileType = sourcecode.swift; path = CreationKind.swift; sourceTree = "<group>"; };
		81F37561FBBA9AD2CF2BF023 /* MacEaseApp.swift */ = {isa = PBXFileReference; lastKnownFileType = sourcecode.swift; path = MacEaseApp.swift; sourceTree = "<group>"; };
		8CD21A8453A9068CC9AD44AB /* en */ = {isa = PBXFileReference; lastKnownFileType = text.plist.strings; name = en; path = en.lproj/Localizable.strings; sourceTree = "<group>"; };
		8D8379E33A9F7F7038AD5DB5 /* ScrollSettingsView.swift */ = {isa = PBXFileReference; lastKnownFileType = sourcecode.swift; path = ScrollSettingsView.swift; sourceTree = "<group>"; };
		9378BC120653FA9BC48EBF7D /* KeyboardEventMapper.swift */ = {isa = PBXFileReference; lastKnownFileType = sourcecode.swift; path = KeyboardEventMapper.swift; sourceTree = "<group>"; };
		9AD54615E93DCA9FC722C886 /* en */ = {isa = PBXFileReference; lastKnownFileType = text.plist.strings; name = en; path = en.lproj/InfoPlist.strings; sourceTree = "<group>"; };
		ADBB93053EE8A76D987C5D91 /* zh-Hans */ = {isa = PBXFileReference; lastKnownFileType = text.plist.strings; name = "zh-Hans"; path = "zh-Hans.lproj/Localizable.strings"; sourceTree = "<group>"; };
		BD9B8E2D09C337C1FAD0C49D /* FinderSettingsView.swift */ = {isa = PBXFileReference; lastKnownFileType = sourcecode.swift; path = FinderSettingsView.swift; sourceTree = "<group>"; };
		C2629CB137D4DDFF24712AF2 /* DockShortcutController.swift */ = {isa = PBXFileReference; lastKnownFileType = sourcecode.swift; path = DockShortcutController.swift; sourceTree = "<group>"; };
		C379CB75E1A3FF48ED3610E6 /* FinderRenameController.swift */ = {isa = PBXFileReference; lastKnownFileType = sourcecode.swift; path = FinderRenameController.swift; sourceTree = "<group>"; };
		C4EB5AA0C0BB52F4093D05E5 /* ContentView.swift */ = {isa = PBXFileReference; lastKnownFileType = sourcecode.swift; path = ContentView.swift; sourceTree = "<group>"; };
		D09023CE4770D8A587EED62D /* AppLocalization.swift */ = {isa = PBXFileReference; lastKnownFileType = sourcecode.swift; path = AppLocalization.swift; sourceTree = "<group>"; };
		E296D3315C8BBC82DB606071 /* KeyboardSettingsView.swift */ = {isa = PBXFileReference; lastKnownFileType = sourcecode.swift; path = KeyboardSettingsView.swift; sourceTree = "<group>"; };
		E51BA4C85E3EF0FA96E384AB /* MenuBarIconTemplate.png */ = {isa = PBXFileReference; lastKnownFileType = image.png; path = MenuBarIconTemplate.png; sourceTree = "<group>"; };
		E5E7C899F7555E8E0E0C5AC0 /* KeyboardMappingController.swift */ = {isa = PBXFileReference; lastKnownFileType = sourcecode.swift; path = KeyboardMappingController.swift; sourceTree = "<group>"; };
		E7250181619E62F0EE7CD349 /* Version.xcconfig */ = {isa = PBXFileReference; lastKnownFileType = text.xcconfig; path = Version.xcconfig; sourceTree = "<group>"; };
		EBEED9FBEA6B942059F8A614 /* FileCreationService.swift */ = {isa = PBXFileReference; lastKnownFileType = sourcecode.swift; path = FileCreationService.swift; sourceTree = "<group>"; };
		F1FF1BD179368091147728AC /* MacEase.app */ = {isa = PBXFileReference; explicitFileType = wrapper.application; includeInIndex = 0; path = MacEase.app; sourceTree = BUILT_PRODUCTS_DIR; };
		F7F62DF0C30E806FA34F310B /* CreationRequestHandler.swift */ = {isa = PBXFileReference; lastKnownFileType = sourcecode.swift; path = CreationRequestHandler.swift; sourceTree = "<group>"; };
		F943D0B6AAE5E2957CE436D2 /* ScrollDirectionController.swift */ = {isa = PBXFileReference; lastKnownFileType = sourcecode.swift; path = ScrollDirectionController.swift; sourceTree = "<group>"; };
/* End PBXFileReference section */

/* Begin PBXFrameworksBuildPhase section */
		7961129CB33DE3E9519B76EF /* Frameworks */ = {
			isa = PBXFrameworksBuildPhase;
			buildActionMask = 2147483647;
			files = (
				4951141C4A2010E1F4CFFA4B /* libMacEaseCore.a in Frameworks */,
			);
			runOnlyForDeploymentPostprocessing = 0;
		};
		A868E3EF1768DB88D4151AC9 /* Frameworks */ = {
			isa = PBXFrameworksBuildPhase;
			buildActionMask = 2147483647;
			files = (
				1E6549AFC0F128DFF9515526 /* libMacEaseCore.a in Frameworks */,
			);
			runOnlyForDeploymentPostprocessing = 0;
		};
/* End PBXFrameworksBuildPhase section */

/* Begin PBXGroup section */
		0C3E06EEB15379358E5BB33E /* Config */ = {
			isa = PBXGroup;
			children = (
				E7250181619E62F0EE7CD349 /* Version.xcconfig */,
			);
			path = Config;
			sourceTree = "<group>";
		};
		29DA3771E15295D01525529F = {
			isa = PBXGroup;
			children = (
				0C3E06EEB15379358E5BB33E /* Config */,
				72D8ABFB1FDBF69D0E57A1CA /* MacEaseApp */,
				A984788DD4D2F71B19C05BB8 /* MacEaseFinderExtension */,
				FD4C16875A930F3B2B86C4DC /* Sources */,
				7068CFC49E3C603D273FF109 /* Products */,
			);
			sourceTree = "<group>";
		};
		40F72A43A5B634398F74D018 /* MacEaseCore */ = {
			isa = PBXGroup;
			children = (
				800DD3241F7CC1E1DC09A5DD /* CreationKind.swift */,
				49CC110AAA3FE00AC841A2A6 /* CreationRequest.swift */,
				37374AF6551C2579F8D7D87D /* DockShortcut.swift */,
				30098D2E6A9D3CAF0D17C21E /* FileCreationError.swift */,
				EBEED9FBEA6B942059F8A614 /* FileCreationService.swift */,
				00179669B62ADD895C6DC0A6 /* KeyboardMapping.swift */,
				73D3B42C3E90F48705E2E92A /* ScrollDirection.swift */,
				45305D9D11FFDE7781D71454 /* TargetDirectoryResolver.swift */,
			);
			path = MacEaseCore;
			sourceTree = "<group>";
		};
		42A51278C31DA5B5180A060F /* Resources */ = {
			isa = PBXGroup;
			children = (
				9FAFDCCA60E24BE3BD5DE72C /* InfoPlist.strings */,
				DD8CA6C32C4B776B1603AA94 /* Localizable.strings */,
			);
			path = Resources;
			sourceTree = "<group>";
		};
		7068CFC49E3C603D273FF109 /* Products */ = {
			isa = PBXGroup;
			children = (
				31F20D98548D07D0188BF9CB /* libMacEaseCore.a */,
				F1FF1BD179368091147728AC /* MacEase.app */,
				69841E8DAA9A980CA798D974 /* MacEaseFinderExtension.appex */,
			);
			name = Products;
			sourceTree = "<group>";
		};
		72D8ABFB1FDBF69D0E57A1CA /* MacEaseApp */ = {
			isa = PBXGroup;
			children = (
				0CAB3B2B765425A4A1C3A3E5 /* AboutSettingsView.swift */,
				D09023CE4770D8A587EED62D /* AppLocalization.swift */,
				1BED8B21D542564E8BFA19BE /* Assets.xcassets */,
				C4EB5AA0C0BB52F4093D05E5 /* ContentView.swift */,
				F7F62DF0C30E806FA34F310B /* CreationRequestHandler.swift */,
				61D7598841C6B6A7373F85F2 /* DockSettingsView.swift */,
				C2629CB137D4DDFF24712AF2 /* DockShortcutController.swift */,
				C379CB75E1A3FF48ED3610E6 /* FinderRenameController.swift */,
				BD9B8E2D09C337C1FAD0C49D /* FinderSettingsView.swift */,
				9378BC120653FA9BC48EBF7D /* KeyboardEventMapper.swift */,
				E5E7C899F7555E8E0E0C5AC0 /* KeyboardMappingController.swift */,
				E296D3315C8BBC82DB606071 /* KeyboardSettingsView.swift */,
				81F37561FBBA9AD2CF2BF023 /* MacEaseApp.swift */,
				41229F5ED79BECEA2D2CF0CA /* MenuBarContentView.swift */,
				29639844867C257893E91A07 /* PermissionsSettingsView.swift */,
				F943D0B6AAE5E2957CE436D2 /* ScrollDirectionController.swift */,
				8D8379E33A9F7F7038AD5DB5 /* ScrollSettingsView.swift */,
				5061A82490F41A6B5F94FEDE /* SettingsComponents.swift */,
				87C1CB229661DE62B7E6B3A3 /* Resources */,
			);
			path = MacEaseApp;
			sourceTree = "<group>";
		};
		87C1CB229661DE62B7E6B3A3 /* Resources */ = {
			isa = PBXGroup;
			children = (
				300B359D40E8D806AEC05048 /* AppIcon.icns */,
				E51BA4C85E3EF0FA96E384AB /* MenuBarIconTemplate.png */,
				E270094C3FDB28FDF3FC3C77 /* InfoPlist.strings */,
				A7FE29B0015E2DB6D3EE66F7 /* Localizable.strings */,
			);
			path = Resources;
			sourceTree = "<group>";
		};
		A984788DD4D2F71B19C05BB8 /* MacEaseFinderExtension */ = {
			isa = PBXGroup;
			children = (
				7507A4F45FB6AE30D9063AF5 /* FinderSync.swift */,
				42A51278C31DA5B5180A060F /* Resources */,
			);
			path = MacEaseFinderExtension;
			sourceTree = "<group>";
		};
		FD4C16875A930F3B2B86C4DC /* Sources */ = {
			isa = PBXGroup;
			children = (
				40F72A43A5B634398F74D018 /* MacEaseCore */,
			);
			path = Sources;
			sourceTree = "<group>";
		};
/* End PBXGroup section */

/* Begin PBXNativeTarget section */
		49A0D92F3FF4E826B234CD39 /* MacEaseCore */ = {
			isa = PBXNativeTarget;
			buildConfigurationList = D67CE14EC3FC3B2512014259 /* Build configuration list for PBXNativeTarget "MacEaseCore" */;
			buildPhases = (
				B1CC37BCC7CB218C25FBD671 /* Sources */,
				1578AB7B7C8B9E266F092DDC /* Copy Swift Objective-C Interface Header */,
			);
			buildRules = (
			);
			dependencies = (
			);
			name = MacEaseCore;
			packageProductDependencies = (
			);
			productName = MacEaseCore;
			productReference = 31F20D98548D07D0188BF9CB /* libMacEaseCore.a */;
			productType = "com.apple.product-type.library.static";
		};
		8612F1EAFC9617644FDC5A8B /* MacEaseFinderExtension */ = {
			isa = PBXNativeTarget;
			buildConfigurationList = AD7182333B4D122109E63E2B /* Build configuration list for PBXNativeTarget "MacEaseFinderExtension" */;
			buildPhases = (
				60D870238A23EA0F10BCD945 /* Sources */,
				8FB9F2F08799CFBF4D695DEA /* Resources */,
				A868E3EF1768DB88D4151AC9 /* Frameworks */,
			);
			buildRules = (
			);
			dependencies = (
				C6C68FD8D46E29795B87E30F /* PBXTargetDependency */,
			);
			name = MacEaseFinderExtension;
			packageProductDependencies = (
			);
			productName = MacEaseFinderExtension;
			productReference = 69841E8DAA9A980CA798D974 /* MacEaseFinderExtension.appex */;
			productType = "com.apple.product-type.app-extension";
		};
		948DABDE4AB1679DAC76301A /* MacEase */ = {
			isa = PBXNativeTarget;
			buildConfigurationList = 039152B7DC98DB41E298190C /* Build configuration list for PBXNativeTarget "MacEase" */;
			buildPhases = (
				B2D2FACB42F1FF7315220C94 /* Sources */,
				D008910BF92DA2DE88609A76 /* Resources */,
				7961129CB33DE3E9519B76EF /* Frameworks */,
				7F0DB05C5601A65D5DD86520 /* Embed Foundation Extensions */,
			);
			buildRules = (
			);
			dependencies = (
				FBF4CF3F729BD0766E046251 /* PBXTargetDependency */,
				51919E351C54E5A35C466358 /* PBXTargetDependency */,
			);
			name = MacEase;
			packageProductDependencies = (
			);
			productName = MacEase;
			productReference = F1FF1BD179368091147728AC /* MacEase.app */;
			productType = "com.apple.product-type.application";
		};
/* End PBXNativeTarget section */

/* Begin PBXProject section */
		84A4C9E3AE7F1388091EEB83 /* Project object */ = {
			isa = PBXProject;
			attributes = {
				BuildIndependentTargetsInParallel = YES;
				LastUpgradeCheck = 1430;
				TargetAttributes = {
					8612F1EAFC9617644FDC5A8B = {
						ProvisioningStyle = Automatic;
					};
					948DABDE4AB1679DAC76301A = {
						ProvisioningStyle = Automatic;
					};
				};
			};
			buildConfigurationList = 66F6C7BA24476BBE8139F7DD /* Build configuration list for PBXProject "MacEase" */;
			developmentRegion = en;
			hasScannedForEncodings = 0;
			knownRegions = (
				Base,
				en,
				"zh-Hans",
			);
			mainGroup = 29DA3771E15295D01525529F;
			minimizedProjectReferenceProxies = 1;
			preferredProjectObjectVersion = 77;
			productRefGroup = 7068CFC49E3C603D273FF109 /* Products */;
			projectDirPath = "";
			projectRoot = "";
			targets = (
				49A0D92F3FF4E826B234CD39 /* MacEaseCore */,
				8612F1EAFC9617644FDC5A8B /* MacEaseFinderExtension */,
				948DABDE4AB1679DAC76301A /* MacEase */,
			);
		};
/* End PBXProject section */

/* Begin PBXResourcesBuildPhase section */
		8FB9F2F08799CFBF4D695DEA /* Resources */ = {
			isa = PBXResourcesBuildPhase;
			buildActionMask = 2147483647;
			files = (
				F33D70629AEF387F31A062BB /* InfoPlist.strings in Resources */,
				96543ACB2904A1D056EFAF60 /* Localizable.strings in Resources */,
			);
			runOnlyForDeploymentPostprocessing = 0;
		};
		D008910BF92DA2DE88609A76 /* Resources */ = {
			isa = PBXResourcesBuildPhase;
			buildActionMask = 2147483647;
			files = (
				B7A1ED3CB4CCF12A6948FCA0 /* AppIcon.icns in Resources */,
				DB02E877D08D8B43B4E1647F /* Assets.xcassets in Resources */,
				464E48D99ECB61444622A3B4 /* InfoPlist.strings in Resources */,
				04F99796FD66C11FF5254626 /* Localizable.strings in Resources */,
				C371C2F6FE145C849895EB99 /* MenuBarIconTemplate.png in Resources */,
			);
			runOnlyForDeploymentPostprocessing = 0;
		};
/* End PBXResourcesBuildPhase section */

/* Begin PBXShellScriptBuildPhase section */
		1578AB7B7C8B9E266F092DDC /* Copy Swift Objective-C Interface Header */ = {
			isa = PBXShellScriptBuildPhase;
			buildActionMask = 2147483647;
			files = (
			);
			inputPaths = (
				"$(DERIVED_SOURCES_DIR)/$(SWIFT_OBJC_INTERFACE_HEADER_NAME)",
			);
			name = "Copy Swift Objective-C Interface Header";
			outputPaths = (
				"$(BUILT_PRODUCTS_DIR)/include/$(PRODUCT_MODULE_NAME)/$(SWIFT_OBJC_INTERFACE_HEADER_NAME)",
			);
			runOnlyForDeploymentPostprocessing = 0;
			shellPath = /bin/sh;
			shellScript = "ditto \"${SCRIPT_INPUT_FILE_0}\" \"${SCRIPT_OUTPUT_FILE_0}\"\n";
		};
/* End PBXShellScriptBuildPhase section */

/* Begin PBXSourcesBuildPhase section */
		60D870238A23EA0F10BCD945 /* Sources */ = {
			isa = PBXSourcesBuildPhase;
			buildActionMask = 2147483647;
			files = (
				33C9E7B0D5F3FB5B61FD0DB1 /* FinderSync.swift in Sources */,
			);
			runOnlyForDeploymentPostprocessing = 0;
		};
		B1CC37BCC7CB218C25FBD671 /* Sources */ = {
			isa = PBXSourcesBuildPhase;
			buildActionMask = 2147483647;
			files = (
				85370585F0952CC50B6A341A /* CreationKind.swift in Sources */,
				18D691EBC0A39DFC03B73641 /* CreationRequest.swift in Sources */,
				4402FDCA2DFE900390CE7323 /* DockShortcut.swift in Sources */,
				99CB57C8BA7FC7733EEE1E89 /* FileCreationError.swift in Sources */,
				3585F67B480EA7DAB19B8D54 /* FileCreationService.swift in Sources */,
				04F335DCCDCB7A2BFCAF951D /* KeyboardMapping.swift in Sources */,
				AFE52B179CD10C3FE6EA8D56 /* ScrollDirection.swift in Sources */,
				2F70238D926DB5DE8DA7DA98 /* TargetDirectoryResolver.swift in Sources */,
			);
			runOnlyForDeploymentPostprocessing = 0;
		};
		B2D2FACB42F1FF7315220C94 /* Sources */ = {
			isa = PBXSourcesBuildPhase;
			buildActionMask = 2147483647;
			files = (
				03B843845374DE10660A0B81 /* AboutSettingsView.swift in Sources */,
				0074A0583CC619BFE021BC30 /* AppLocalization.swift in Sources */,
				7D9F33F0A1E78187DCBDB56E /* ContentView.swift in Sources */,
				E8BD5687E9D20C0410FF7F79 /* CreationRequestHandler.swift in Sources */,
				D67C017D217E1F5392091E0B /* DockSettingsView.swift in Sources */,
				7098C6D54CA6ACC54B1F1558 /* DockShortcutController.swift in Sources */,
				EEDA62257FCD2AEA90D4610A /* FinderRenameController.swift in Sources */,
				9FDC025A25294A5A690F8648 /* FinderSettingsView.swift in Sources */,
				FD26B7FC8761A6BF4614C2BE /* KeyboardEventMapper.swift in Sources */,
				4E61443003A121CA6DF5FAFE /* KeyboardMappingController.swift in Sources */,
				0457E6F891249C274FE362C9 /* KeyboardSettingsView.swift in Sources */,
				C1AFF8EB32F2AD2619D8B2C5 /* MacEaseApp.swift in Sources */,
				55DBDC6A34CDFDE7332C2159 /* MenuBarContentView.swift in Sources */,
				EC1043BEFAD39400283E20B8 /* PermissionsSettingsView.swift in Sources */,
				84114D7BB2413859C3C81594 /* ScrollDirectionController.swift in Sources */,
				72D7ED892860506FC6A5A372 /* ScrollSettingsView.swift in Sources */,
				B6E9C0C6FE2DA19A4A18C65C /* SettingsComponents.swift in Sources */,
			);
			runOnlyForDeploymentPostprocessing = 0;
		};
/* End PBXSourcesBuildPhase section */

/* Begin PBXTargetDependency section */
		51919E351C54E5A35C466358 /* PBXTargetDependency */ = {
			isa = PBXTargetDependency;
			target = 8612F1EAFC9617644FDC5A8B /* MacEaseFinderExtension */;
			targetProxy = 3655DCA209330470BB961BEA /* PBXContainerItemProxy */;
		};
		C6C68FD8D46E29795B87E30F /* PBXTargetDependency */ = {
			isa = PBXTargetDependency;
			target = 49A0D92F3FF4E826B234CD39 /* MacEaseCore */;
			targetProxy = F7551C8D851FA170451C8217 /* PBXContainerItemProxy */;
		};
		FBF4CF3F729BD0766E046251 /* PBXTargetDependency */ = {
			isa = PBXTargetDependency;
			target = 49A0D92F3FF4E826B234CD39 /* MacEaseCore */;
			targetProxy = 703D55090B22C46A60B587EE /* PBXContainerItemProxy */;
		};
/* End PBXTargetDependency section */

/* Begin PBXVariantGroup section */
		9FAFDCCA60E24BE3BD5DE72C /* InfoPlist.strings */ = {
			isa = PBXVariantGroup;
			children = (
				9AD54615E93DCA9FC722C886 /* en */,
				2018A2D7ECEF8ACCB79F4E84 /* zh-Hans */,
			);
			name = InfoPlist.strings;
			sourceTree = "<group>";
		};
		A7FE29B0015E2DB6D3EE66F7 /* Localizable.strings */ = {
			isa = PBXVariantGroup;
			children = (
				8CD21A8453A9068CC9AD44AB /* en */,
				4B20D8CDA603BA8BF57F2F03 /* zh-Hans */,
			);
			name = Localizable.strings;
			sourceTree = "<group>";
		};
		DD8CA6C32C4B776B1603AA94 /* Localizable.strings */ = {
			isa = PBXVariantGroup;
			children = (
				491C5E56AB5E479A46928967 /* en */,
				ADBB93053EE8A76D987C5D91 /* zh-Hans */,
			);
			name = Localizable.strings;
			sourceTree = "<group>";
		};
		E270094C3FDB28FDF3FC3C77 /* InfoPlist.strings */ = {
			isa = PBXVariantGroup;
			children = (
				4D7588A8070CD80832F5595E /* en */,
				0C3F5FC90C1054678A9BC0F3 /* zh-Hans */,
			);
			name = InfoPlist.strings;
			sourceTree = "<group>";
		};
/* End PBXVariantGroup section */

/* Begin XCBuildConfiguration section */
		0E6831AE362915D00672765B /* Release */ = {
			isa = XCBuildConfiguration;
			buildSettings = {
				ASSETCATALOG_COMPILER_APPICON_NAME = AppIcon;
				CODE_SIGN_STYLE = Automatic;
				COMBINE_HIDPI_IMAGES = YES;
				GENERATE_INFOPLIST_FILE = NO;
				INFOPLIST_FILE = "Config/MacEase-Info.plist";
				INFOPLIST_KEY_LSApplicationCategoryType = "public.app-category.utilities";
				LD_RUNPATH_SEARCH_PATHS = (
					"$(inherited)",
					"@executable_path/../Frameworks",
				);
				OTHER_LDFLAGS = (
					"$(inherited)",
					"-ObjC",
				);
				PRODUCT_BUNDLE_IDENTIFIER = com.lkpsg.MacEase;
				PRODUCT_MODULE_NAME = MacEase;
				PRODUCT_NAME = MacEase;
				SDKROOT = macosx;
				SWIFT_EMIT_LOC_STRINGS = YES;
			};
			name = Release;
		};
		1121E1EEB5AE9F1FCC7B6253 /* Debug */ = {
			isa = XCBuildConfiguration;
			buildSettings = {
				APPLICATION_EXTENSION_API_ONLY = YES;
				CODE_SIGN_ENTITLEMENTS = Config/MacEaseFinderExtension.entitlements;
				CODE_SIGN_STYLE = Automatic;
				COMBINE_HIDPI_IMAGES = YES;
				GENERATE_INFOPLIST_FILE = NO;
				INFOPLIST_FILE = "Config/MacEaseFinderExtension-Info.plist";
				LD_RUNPATH_SEARCH_PATHS = (
					"$(inherited)",
					"@executable_path/../Frameworks",
					"@executable_path/../../../../Frameworks",
				);
				OTHER_LDFLAGS = (
					"$(inherited)",
					"-ObjC",
				);
				PRODUCT_BUNDLE_IDENTIFIER = com.lkpsg.MacEase.FinderExtension;
				PRODUCT_MODULE_NAME = MacEaseFinderExtension;
				PRODUCT_NAME = MacEaseFinderExtension;
				SDKROOT = macosx;
				SKIP_INSTALL = YES;
			};
			name = Debug;
		};
		4BBF3B30D35A5AD2128E927C /* Release */ = {
			isa = XCBuildConfiguration;
			buildSettings = {
				APPLICATION_EXTENSION_API_ONLY = YES;
				CODE_SIGN_ENTITLEMENTS = Config/MacEaseFinderExtension.entitlements;
				CODE_SIGN_STYLE = Automatic;
				COMBINE_HIDPI_IMAGES = YES;
				GENERATE_INFOPLIST_FILE = NO;
				INFOPLIST_FILE = "Config/MacEaseFinderExtension-Info.plist";
				LD_RUNPATH_SEARCH_PATHS = (
					"$(inherited)",
					"@executable_path/../Frameworks",
					"@executable_path/../../../../Frameworks",
				);
				OTHER_LDFLAGS = (
					"$(inherited)",
					"-ObjC",
				);
				PRODUCT_BUNDLE_IDENTIFIER = com.lkpsg.MacEase.FinderExtension;
				PRODUCT_MODULE_NAME = MacEaseFinderExtension;
				PRODUCT_NAME = MacEaseFinderExtension;
				SDKROOT = macosx;
				SKIP_INSTALL = YES;
			};
			name = Release;
		};
		6BBD1CB6211EC42FEF4A1D98 /* Release */ = {
			isa = XCBuildConfiguration;
			buildSettings = {
				COMBINE_HIDPI_IMAGES = YES;
				LD_RUNPATH_SEARCH_PATHS = (
					"$(inherited)",
					"@executable_path/../Frameworks",
				);
				PRODUCT_BUNDLE_IDENTIFIER = com.lkpsg.MacEaseCore;
				PRODUCT_MODULE_NAME = MacEaseCore;
				PRODUCT_NAME = MacEaseCore;
				SDKROOT = macosx;
				SKIP_INSTALL = YES;
			};
			name = Release;
		};
		7BB28ED718CC9526FCC6372B /* Debug */ = {
			isa = XCBuildConfiguration;
			buildSettings = {
				ASSETCATALOG_COMPILER_APPICON_NAME = AppIcon;
				CODE_SIGN_STYLE = Automatic;
				COMBINE_HIDPI_IMAGES = YES;
				GENERATE_INFOPLIST_FILE = NO;
				INFOPLIST_FILE = "Config/MacEase-Info.plist";
				INFOPLIST_KEY_LSApplicationCategoryType = "public.app-category.utilities";
				LD_RUNPATH_SEARCH_PATHS = (
					"$(inherited)",
					"@executable_path/../Frameworks",
				);
				OTHER_LDFLAGS = (
					"$(inherited)",
					"-ObjC",
				);
				PRODUCT_BUNDLE_IDENTIFIER = com.lkpsg.MacEase;
				PRODUCT_MODULE_NAME = MacEase;
				PRODUCT_NAME = MacEase;
				SDKROOT = macosx;
				SWIFT_EMIT_LOC_STRINGS = YES;
			};
			name = Debug;
		};
		86DD03EFCD7D7CB0E1E474AD /* Debug */ = {
			isa = XCBuildConfiguration;
			buildSettings = {
				COMBINE_HIDPI_IMAGES = YES;
				LD_RUNPATH_SEARCH_PATHS = (
					"$(inherited)",
					"@executable_path/../Frameworks",
				);
				PRODUCT_BUNDLE_IDENTIFIER = com.lkpsg.MacEaseCore;
				PRODUCT_MODULE_NAME = MacEaseCore;
				PRODUCT_NAME = MacEaseCore;
				SDKROOT = macosx;
				SKIP_INSTALL = YES;
			};
			name = Debug;
		};
		DB4B637384547F3CE3C731EF /* Debug */ = {
			isa = XCBuildConfiguration;
			baseConfigurationReference = E7250181619E62F0EE7CD349 /* Version.xcconfig */;
			buildSettings = {
				ALWAYS_SEARCH_USER_PATHS = NO;
				CLANG_ANALYZER_NONNULL = YES;
				CLANG_ANALYZER_NUMBER_OBJECT_CONVERSION = YES_AGGRESSIVE;
				CLANG_CXX_LANGUAGE_STANDARD = "gnu++14";
				CLANG_CXX_LIBRARY = "libc++";
				CLANG_ENABLE_MODULES = YES;
				CLANG_ENABLE_OBJC_ARC = YES;
				CLANG_ENABLE_OBJC_WEAK = YES;
				CLANG_WARN_BLOCK_CAPTURE_AUTORELEASING = YES;
				CLANG_WARN_BOOL_CONVERSION = YES;
				CLANG_WARN_COMMA = YES;
				CLANG_WARN_CONSTANT_CONVERSION = YES;
				CLANG_WARN_DEPRECATED_OBJC_IMPLEMENTATIONS = YES;
				CLANG_WARN_DIRECT_OBJC_ISA_USAGE = YES_ERROR;
				CLANG_WARN_DOCUMENTATION_COMMENTS = YES;
				CLANG_WARN_EMPTY_BODY = YES;
				CLANG_WARN_ENUM_CONVERSION = YES;
				CLANG_WARN_INFINITE_RECURSION = YES;
				CLANG_WARN_INT_CONVERSION = YES;
				CLANG_WARN_NON_LITERAL_NULL_CONVERSION = YES;
				CLANG_WARN_OBJC_IMPLICIT_RETAIN_SELF = YES;
				CLANG_WARN_OBJC_LITERAL_CONVERSION = YES;
				CLANG_WARN_OBJC_ROOT_CLASS = YES_ERROR;
				CLANG_WARN_QUOTED_INCLUDE_IN_FRAMEWORK_HEADER = YES;
				CLANG_WARN_RANGE_LOOP_ANALYSIS = YES;
				CLANG_WARN_STRICT_PROTOTYPES = YES;
				CLANG_WARN_SUSPICIOUS_MOVE = YES;
				CLANG_WARN_UNGUARDED_AVAILABILITY = YES_AGGRESSIVE;
				CLANG_WARN_UNREACHABLE_CODE = YES;
				CLANG_WARN__DUPLICATE_METHOD_MATCH = YES;
				COPY_PHASE_STRIP = NO;
				DEBUG_INFORMATION_FORMAT = dwarf;
				ENABLE_STRICT_OBJC_MSGSEND = YES;
				ENABLE_TESTABILITY = YES;
				GCC_C_LANGUAGE_STANDARD = gnu11;
				GCC_DYNAMIC_NO_PIC = NO;
				GCC_NO_COMMON_BLOCKS = YES;
				GCC_OPTIMIZATION_LEVEL = 0;
				GCC_PREPROCESSOR_DEFINITIONS = (
					"$(inherited)",
					"DEBUG=1",
				);
				GCC_WARN_64_TO_32_BIT_CONVERSION = YES;
				GCC_WARN_ABOUT_RETURN_TYPE = YES_ERROR;
				GCC_WARN_UNDECLARED_SELECTOR = YES;
				GCC_WARN_UNINITIALIZED_AUTOS = YES_AGGRESSIVE;
				GCC_WARN_UNUSED_FUNCTION = YES;
				GCC_WARN_UNUSED_VARIABLE = YES;
				MACOSX_DEPLOYMENT_TARGET = 13.0;
				MTL_ENABLE_DEBUG_INFO = INCLUDE_SOURCE;
				MTL_FAST_MATH = YES;
				ONLY_ACTIVE_ARCH = YES;
				PRODUCT_NAME = "$(TARGET_NAME)";
				SDKROOT = macosx;
				SWIFT_ACTIVE_COMPILATION_CONDITIONS = DEBUG;
				SWIFT_OPTIMIZATION_LEVEL = "-Onone";
				SWIFT_STRICT_CONCURRENCY = complete;
				SWIFT_VERSION = 6.0;
			};
			name = Debug;
		};
		FADABEFE60CEB29C2FFE27A2 /* Release */ = {
			isa = XCBuildConfiguration;
			baseConfigurationReference = E7250181619E62F0EE7CD349 /* Version.xcconfig */;
			buildSettings = {
				ALWAYS_SEARCH_USER_PATHS = NO;
				CLANG_ANALYZER_NONNULL = YES;
				CLANG_ANALYZER_NUMBER_OBJECT_CONVERSION = YES_AGGRESSIVE;
				CLANG_CXX_LANGUAGE_STANDARD = "gnu++14";
				CLANG_CXX_LIBRARY = "libc++";
				CLANG_ENABLE_MODULES = YES;
				CLANG_ENABLE_OBJC_ARC = YES;
				CLANG_ENABLE_OBJC_WEAK = YES;
				CLANG_WARN_BLOCK_CAPTURE_AUTORELEASING = YES;
				CLANG_WARN_BOOL_CONVERSION = YES;
				CLANG_WARN_COMMA = YES;
				CLANG_WARN_CONSTANT_CONVERSION = YES;
				CLANG_WARN_DEPRECATED_OBJC_IMPLEMENTATIONS = YES;
				CLANG_WARN_DIRECT_OBJC_ISA_USAGE = YES_ERROR;
				CLANG_WARN_DOCUMENTATION_COMMENTS = YES;
				CLANG_WARN_EMPTY_BODY = YES;
				CLANG_WARN_ENUM_CONVERSION = YES;
				CLANG_WARN_INFINITE_RECURSION = YES;
				CLANG_WARN_INT_CONVERSION = YES;
				CLANG_WARN_NON_LITERAL_NULL_CONVERSION = YES;
				CLANG_WARN_OBJC_IMPLICIT_RETAIN_SELF = YES;
				CLANG_WARN_OBJC_LITERAL_CONVERSION = YES;
				CLANG_WARN_OBJC_ROOT_CLASS = YES_ERROR;
				CLANG_WARN_QUOTED_INCLUDE_IN_FRAMEWORK_HEADER = YES;
				CLANG_WARN_RANGE_LOOP_ANALYSIS = YES;
				CLANG_WARN_STRICT_PROTOTYPES = YES;
				CLANG_WARN_SUSPICIOUS_MOVE = YES;
				CLANG_WARN_UNGUARDED_AVAILABILITY = YES_AGGRESSIVE;
				CLANG_WARN_UNREACHABLE_CODE = YES;
				CLANG_WARN__DUPLICATE_METHOD_MATCH = YES;
				COPY_PHASE_STRIP = NO;
				DEBUG_INFORMATION_FORMAT = "dwarf-with-dsym";
				ENABLE_NS_ASSERTIONS = NO;
				ENABLE_STRICT_OBJC_MSGSEND = YES;
				GCC_C_LANGUAGE_STANDARD = gnu11;
				GCC_NO_COMMON_BLOCKS = YES;
				GCC_WARN_64_TO_32_BIT_CONVERSION = YES;
				GCC_WARN_ABOUT_RETURN_TYPE = YES_ERROR;
				GCC_WARN_UNDECLARED_SELECTOR = YES;
				GCC_WARN_UNINITIALIZED_AUTOS = YES_AGGRESSIVE;
				GCC_WARN_UNUSED_FUNCTION = YES;
				GCC_WARN_UNUSED_VARIABLE = YES;
				MACOSX_DEPLOYMENT_TARGET = 13.0;
				MTL_ENABLE_DEBUG_INFO = NO;
				MTL_FAST_MATH = YES;
				PRODUCT_NAME = "$(TARGET_NAME)";
				SDKROOT = macosx;
				SWIFT_COMPILATION_MODE = wholemodule;
				SWIFT_OPTIMIZATION_LEVEL = "-O";
				SWIFT_STRICT_CONCURRENCY = complete;
				SWIFT_VERSION = 6.0;
			};
			name = Release;
		};
/* End XCBuildConfiguration section */

/* Begin XCConfigurationList section */
		039152B7DC98DB41E298190C /* Build configuration list for PBXNativeTarget "MacEase" */ = {
			isa = XCConfigurationList;
			buildConfigurations = (
				7BB28ED718CC9526FCC6372B /* Debug */,
				0E6831AE362915D00672765B /* Release */,
			);
			defaultConfigurationIsVisible = 0;
			defaultConfigurationName = Debug;
		};
		66F6C7BA24476BBE8139F7DD /* Build configuration list for PBXProject "MacEase" */ = {
			isa = XCConfigurationList;
			buildConfigurations = (
				DB4B637384547F3CE3C731EF /* Debug */,
				FADABEFE60CEB29C2FFE27A2 /* Release */,
			);
			defaultConfigurationIsVisible = 0;
			defaultConfigurationName = Debug;
		};
		AD7182333B4D122109E63E2B /* Build configuration list for PBXNativeTarget "MacEaseFinderExtension" */ = {
			isa = XCConfigurationList;
			buildConfigurations = (
				1121E1EEB5AE9F1FCC7B6253 /* Debug */,
				4BBF3B30D35A5AD2128E927C /* Release */,
			);
			defaultConfigurationIsVisible = 0;
			defaultConfigurationName = Debug;
		};
		D67CE14EC3FC3B2512014259 /* Build configuration list for PBXNativeTarget "MacEaseCore" */ = {
			isa = XCConfigurationList;
			buildConfigurations = (
				86DD03EFCD7D7CB0E1E474AD /* Debug */,
				6BBD1CB6211EC42FEF4A1D98 /* Release */,
			);
			defaultConfigurationIsVisible = 0;
			defaultConfigurationName = Debug;
		};
/* End XCConfigurationList section */
	};
	rootObject = 84A4C9E3AE7F1388091EEB83 /* Project object */;
}
